
Microsoft Visual Studio Solution File, Format Version 12.00
# Visual Studio Version 17
VisualStudioVersion = 17.6.33829.357
MinimumVisualStudioVersion = 10.0.40219.1
Project("{FAE04EC0-301F-11D3-BF4B-00C04F79EFBC}") = "Dot7.Architecture.Api", "Dot7.Architecture.Api.csproj", "{8901C9DF-E820-41EF-903C-814E3654455A}"
EndProject
Project("{FAE04EC0-301F-11D3-BF4B-00C04F79EFBC}") = "Dot7.Architecture.Domain", "..\Dot7.Architecture.Domain\Dot7.Architecture.Domain.csproj", "{1199AA56-8C37-4DE2-BDCC-DAFB522ACDAD}"
EndProject
Project("{FAE04EC0-301F-11D3-BF4B-00C04F79EFBC}") = "Dot7.Architecture.Application", "..\Dot7.Architecture.Application\Dot7.Architecture.Application.csproj", "{3CEB3074-FDC3-4083-B43C-30215EA51FCF}"
EndProject
Project("{FAE04EC0-301F-11D3-BF4B-00C04F79EFBC}") = "Dot7.Architecture.Infrastructure", "..\Dot7.Architecture.Infrastructure\Dot7.Architecture.Infrastructure.csproj", "{26B20327-2DF5-4083-BE34-3E994B184878}"
EndProject
Global
	GlobalSection(SolutionConfigurationPlatforms) = preSolution
		Debug|Any CPU = Debug|Any CPU
		Release|Any CPU = Release|Any CPU
	EndGlobalSection
	GlobalSection(ProjectConfigurationPlatforms) = postSolution
		{8901C9DF-E820-41EF-903C-814E3654455A}.Debug|Any CPU.ActiveCfg = Debug|Any CPU
		{8901C9DF-E820-41EF-903C-814E3654455A}.Debug|Any CPU.Build.0 = Debug|Any CPU
		{8901C9DF-E820-41EF-903C-814E3654455A}.Release|Any CPU.ActiveCfg = Release|Any CPU
		{8901C9DF-E820-41EF-903C-814E3654455A}.Release|Any CPU.Build.0 = Release|Any CPU
		{1199AA56-8C37-4DE2-BDCC-DAFB522ACDAD}.Debug|Any CPU.ActiveCfg = Debug|Any CPU
		{1199AA56-8C37-4DE2-BDCC-DAFB522ACDAD}.Debug|Any CPU.Build.0 = Debug|Any CPU
		{1199AA56-8C37-4DE2-BDCC-DAFB522ACDAD}.Release|Any CPU.ActiveCfg = Release|Any CPU
		{1199AA56-8C37-4DE2-BDCC-DAFB522ACDAD}.Release|Any CPU.Build.0 = Release|Any CPU
		{3CEB3074-FDC3-4083-B43C-30215EA51FCF}.Debug|Any CPU.ActiveCfg = Debug|Any CPU
		{3CEB3074-FDC3-4083-B43C-30215EA51FCF}.Debug|Any CPU.Build.0 = Debug|Any CPU
		{3CEB3074-FDC3-4083-B43C-30215EA51FCF}.Release|Any CPU.ActiveCfg = Release|Any CPU
		{3CEB3074-FDC3-4083-B43C-30215EA51FCF}.Release|Any CPU.Build.0 = Release|Any CPU
		{26B20327-2DF5-4083-BE34-3E994B184878}.Debug|Any CPU.ActiveCfg = Debug|Any CPU
		{26B20327-2DF5-4083-BE34-3E994B184878}.Debug|Any CPU.Build.0 = Debug|Any CPU
		{26B20327-2DF5-4083-BE34-3E994B184878}.Release|Any CPU.ActiveCfg = Release|Any CPU
		{26B20327-2DF5-4083-BE34-3E994B184878}.Release|Any CPU.Build.0 = Release|Any CPU
	EndGlobalSection
	GlobalSection(SolutionProperties) = preSolution
		HideSolutionNode = FALSE
	EndGlobalSection
	GlobalSection(ExtensibilityGlobals) = postSolution
		SolutionGuid = {15AA5EC6-609A-4279-A3DF-39BE5C46475B}
	EndGlobalSection
EndGlobal
